{
  "lockfileVersion": 1,
  "workspaces": {
    "": {
      "name": "circom",
      "dependencies": {
        "circomlib": "^2.0.5",
        "poseidon-lite": "^0.3.0",
      },
    },
  },
  "packages": {
    "circomlib": ["circomlib@2.0.5", "", {}, "sha512-O7NQ8OS+J4eshBuoy36z/TwQU0YHw8W3zxZcs4hVwpEll3e4hDm3mgkIPqItN8FDeLEKZFK3YeT/+k8TiLF3/A=="],
    "poseidon-lite": ["poseidon-lite@0.3.0", "", {}, "sha512-ilJj4MIve4uBEG7SrtPqUUNkvpJ/pLVbndxa0WvebcQqeIhe+h72JR4g0EvwchUzm9sOQDlOjiDNmRAgxNZl4A=="],
  }
}
